
Microsoft Visual Studio Solution File, Format Version 12.00
# Visual Studio Version 17
VisualStudioVersion = 17.3.32901.215
MinimumVisualStudioVersion = 10.0.40219.1
Project("{FAE04EC0-301F-11D3-BF4B-00C04F79EFBC}") = "Library", "Library.csproj", "{AF191454-2004-4F90-982B-BBB8A159046D}"
EndProject
Project("{FAE04EC0-301F-11D3-BF4B-00C04F79EFBC}") = "UnitTests", "..\UnitTests\UnitTests.csproj", "{AD8BCC25-97E1-41BA-AE6F-97A440237384}"
EndProject
Global
	GlobalSection(SolutionConfigurationPlatforms) = preSolution
		Debug|Any CPU = Debug|Any CPU
		Release|Any CPU = Release|Any CPU
	EndGlobalSection
	GlobalSection(ProjectConfigurationPlatforms) = postSolution
		{AF191454-2004-4F90-982B-BBB8A159046D}.Debug|Any CPU.ActiveCfg = Debug|Any CPU
		{AF191454-2004-4F90-982B-BBB8A159046D}.Debug|Any CPU.Build.0 = Debug|Any CPU
		{AF191454-2004-4F90-982B-BBB8A159046D}.Release|Any CPU.ActiveCfg = Release|Any CPU
		{AF191454-2004-4F90-982B-BBB8A159046D}.Release|Any CPU.Build.0 = Release|Any CPU
		{AD8BCC25-97E1-41BA-AE6F-97A440237384}.Debug|Any CPU.ActiveCfg = Debug|Any CPU
		{AD8BCC25-97E1-41BA-AE6F-97A440237384}.Debug|Any CPU.Build.0 = Debug|Any CPU
		{AD8BCC25-97E1-41BA-AE6F-97A440237384}.Release|Any CPU.ActiveCfg = Release|Any CPU
		{AD8BCC25-97E1-41BA-AE6F-97A440237384}.Release|Any CPU.Build.0 = Release|Any CPU
	EndGlobalSection
	GlobalSection(SolutionProperties) = preSolution
		HideSolutionNode = FALSE
	EndGlobalSection
	GlobalSection(ExtensibilityGlobals) = postSolution
		SolutionGuid = {E81837A2-9ACF-4B0C-9816-99424EBDD8AE}
	EndGlobalSection
EndGlobal
